
Microsoft Visual Studio Solution File, Format Version 12.00
# Visual Studio Version 16
VisualStudioVersion = 16.0.31229.75
MinimumVisualStudioVersion = 10.0.40219.1
Project("{FAE04EC0-301F-11D3-BF4B-00C04F79EFBC}") = "AdminApplication", "AdminApplication\AdminApplication.csproj", "{B0C2E6E4-6482-450B-A37D-E7FA5223760A}"
EndProject
Global
	GlobalSection(SolutionConfigurationPlatforms) = preSolution
		Debug|Any CPU = Debug|Any CPU
		Release|Any CPU = Release|Any CPU
	EndGlobalSection
	GlobalSection(ProjectConfigurationPlatforms) = postSolution
		{B0C2E6E4-6482-450B-A37D-E7FA5223760A}.Debug|Any CPU.ActiveCfg = Debug|Any CPU
		{B0C2E6E4-6482-450B-A37D-E7FA5223760A}.Debug|Any CPU.Build.0 = Debug|Any CPU
		{B0C2E6E4-6482-450B-A37D-E7FA5223760A}.Release|Any CPU.ActiveCfg = Release|Any CPU
		{B0C2E6E4-6482-450B-A37D-E7FA5223760A}.Release|Any CPU.Build.0 = Release|Any CPU
	EndGlobalSection
	GlobalSection(SolutionProperties) = preSolution
		HideSolutionNode = FALSE
	EndGlobalSection
	GlobalSection(ExtensibilityGlobals) = postSolution
		SolutionGuid = {AD558110-8733-41AC-9F1F-3A906487B6C5}
	EndGlobalSection
EndGlobal
